// !$*UTF8*$!
{
	archiveVersion = 1;
	classes = {
	};
	objectVersion = 56;
	objects = {

/* Begin PBXBuildFile section */
		0A42DE272BED214C0048D36F /* BifrostApp.swift in Sources */ = {isa = PBXBuildFile; fileRef = 0A42DE262BED214C0048D36F /* BifrostApp.swift */; };
		0A42DE292BED214C0048D36F /* ContentView.swift in Sources */ = {isa = PBXBuildFile; fileRef = 0A42DE282BED214C0048D36F /* ContentView.swift */; };
		0A42DE2B2BED214C0048D36F /* Item.swift in Sources */ = {isa = PBXBuildFile; fileRef = 0A42DE2A2BED214C0048D36F /* Item.swift */; };
		0A42DE2D2BED214E0048D36F /* Assets.xcassets in Resources */ = {isa = PBXBuildFile; fileRef = 0A42DE2C2BED214E0048D36F /* Assets.xcassets */; };
		0A42DE302BED214E0048D36F /* Preview Assets.xcassets in Resources */ = {isa = PBXBuildFile; fileRef = 0A42DE2F2BED214E0048D36F /* Preview Assets.xcassets */; };
		0A42DE3B2BED214F0048D36F /* BifrostTests.swift in Sources */ = {isa = PBXBuildFile; fileRef = 0A42DE3A2BED214F0048D36F /* BifrostTests.swift */; };
		0A42DE452BED214F0048D36F /* BifrostUITests.swift in Sources */ = {isa = PBXBuildFile; fileRef = 0A42DE442BED214F0048D36F /* BifrostUITests.swift */; };
		0A42DE472BED214F0048D36F /* BifrostUITestsLaunchTests.swift in Sources */ = {isa = PBXBuildFile; fileRef = 0A42DE462BED214F0048D36F /* BifrostUITestsLaunchTests.swift */; };
/* End PBXBuildFile section */

/* Begin PBXContainerItemProxy section */
		0A42DE372BED214F0048D36F /* PBXContainerItemProxy */ = {
			isa = PBXContainerItemProxy;
			containerPortal = 0A42DE1B2BED214C0048D36F /* Project object */;
			proxyType = 1;
			remoteGlobalIDString = 0A42DE222BED214C0048D36F;
			remoteInfo = Bifrost;
		};
		0A42DE412BED214F0048D36F /* PBXContainerItemProxy */ = {
			isa = PBXContainerItemProxy;
			containerPortal = 0A42DE1B2BED214C0048D36F /* Project object */;
			proxyType = 1;
			remoteGlobalIDString = 0A42DE222BED214C0048D36F;
			remoteInfo = Bifrost;
		};
/* End PBXContainerItemProxy section */

/* Begin PBXFileReference section */
		0A42DE232BED214C0048D36F /* Bifrost.app */ = {isa = PBXFileReference; explicitFileType = wrapper.application; includeInIndex = 0; path = Bifrost.app; sourceTree = BUILT_PRODUCTS_DIR; };
		0A42DE262BED214C0048D36F /* BifrostApp.swift */ = {isa = PBXFileReference; lastKnownFileType = sourcecode.swift; path = BifrostApp.swift; sourceTree = "<group>"; };
		0A42DE282BED214C0048D36F /* ContentView.swift */ = {isa = PBXFileReference; lastKnownFileType = sourcecode.swift; path = ContentView.swift; sourceTree = "<group>"; };
		0A42DE2A2BED214C0048D36F /* Item.swift */ = {isa = PBXFileReference; lastKnownFileType = sourcecode.swift; path = Item.swift; sourceTree = "<group>"; };
		0A42DE2C2BED214E0048D36F /* Assets.xcassets */ = {isa = PBXFileReference; lastKnownFileType = folder.assetcatalog; path = Assets.xcassets; sourceTree = "<group>"; };
		0A42DE2F2BED214E0048D36F /* Preview Assets.xcassets */ = {isa = PBXFileReference; lastKnownFileType = folder.assetcatalog; path = "Preview Assets.xcassets"; sourceTree = "<group>"; };
		0A42DE312BED214E0048D36F /* Bifrost.entitlements */ = {isa = PBXFileReference; lastKnownFileType = text.plist.entitlements; path = Bifrost.entitlements; sourceTree = "<group>"; };
		0A42DE362BED214F0048D36F /* BifrostTests.xctest */ = {isa = PBXFileReference; explicitFileType = wrapper.cfbundle; includeInIndex = 0; path = BifrostTests.xctest; sourceTree = BUILT_PRODUCTS_DIR; };
		0A42DE3A2BED214F0048D36F /* BifrostTests.swift */ = {isa = PBXFileReference; lastKnownFileType = sourcecode.swift; path = BifrostTests.swift; sourceTree = "<group>"; };
		0A42DE402BED214F0048D36F /* BifrostUITests.xctest */ = {isa = PBXFileReference; explicitFileType = wrapper.cfbundle; includeInIndex = 0; path = BifrostUITests.xctest; sourceTree = BUILT_PRODUCTS_DIR; };
		0A42DE442BED214F0048D36F /* BifrostUITests.swift */ = {isa = PBXFileReference; lastKnownFileType = sourcecode.swift; path = BifrostUITests.swift; sourceTree = "<group>"; };
		0A42DE462BED214F0048D36F /* BifrostUITestsLaunchTests.swift */ = {isa = PBXFileReference; lastKnownFileType = sourcecode.swift; path = BifrostUITestsLaunchTests.swift; sourceTree = "<group>"; };
/* End PBXFileReference section */

/* Begin PBXFrameworksBuildPhase section */
		0A42DE202BED214C0048D36F /* Frameworks */ = {
			isa = PBXFrameworksBuildPhase;
			buildActionMask = 2147483647;
			files = (
			);
			runOnlyForDeploymentPostprocessing = 0;
		};
		0A42DE332BED214F0048D36F /* Frameworks */ = {
			isa = PBXFrameworksBuildPhase;
			buildActionMask = 2147483647;
			files = (
			);
			runOnlyForDeploymentPostprocessing = 0;
		};
		0A42DE3D2BED214F0048D36F /* Frameworks */ = {
			isa = PBXFrameworksBuildPhase;
			buildActionMask = 2147483647;
			files = (
			);
			runOnlyForDeploymentPostprocessing = 0;
		};
/* End PBXFrameworksBuildPhase section */

/* Begin PBXGroup section */
		0A42DE1A2BED214C0048D36F = {
			isa = PBXGroup;
			children = (
				0A42DE252BED214C0048D36F /* Bifrost */,
				0A42DE392BED214F0048D36F /* BifrostTests */,
				0A42DE432BED214F0048D36F /* BifrostUITests */,
				0A42DE242BED214C0048D36F /* Products */,
			);
			sourceTree = "<group>";
		};
		0A42DE242BED214C0048D36F /* Products */ = {
			isa = PBXGroup;
			children = (
				0A42DE232BED214C0048D36F /* Bifrost.app */,
				0A42DE362BED214F0048D36F /* BifrostTests.xctest */,
				0A42DE402BED214F0048D36F /* BifrostUITests.xctest */,
			);
			name = Products;
			sourceTree = "<group>";
		};
		0A42DE252BED214C0048D36F /* Bifrost */ = {
			isa = PBXGroup;
			children = (
				0A42DE262BED214C0048D36F /* BifrostApp.swift */,
				0A42DE282BED214C0048D36F /* ContentView.swift */,
				0A42DE2A2BED214C0048D36F /* Item.swift */,
				0A42DE2C2BED214E0048D36F /* Assets.xcassets */,
				0A42DE312BED214E0048D36F /* Bifrost.entitlements */,
				0A42DE2E2BED214E0048D36F /* Preview Content */,
			);
			path = Bifrost;
			sourceTree = "<group>";
		};
		0A42DE2E2BED214E0048D36F /* Preview Content */ = {
			isa = PBXGroup;
			children = (
				0A42DE2F2BED214E0048D36F /* Preview Assets.xcassets */,
			);
			path = "Preview Content";
			sourceTree = "<group>";
		};
		0A42DE392BED214F0048D36F /* BifrostTests */ = {
			isa = PBXGroup;
			children = (
				0A42DE3A2BED214F0048D36F /* BifrostTests.swift */,
			);
			path = BifrostTests;
			sourceTree = "<group>";
		};
		0A42DE432BED214F0048D36F /* BifrostUITests */ = {
			isa = PBXGroup;
			children = (
				0A42DE442BED214F0048D36F /* BifrostUITests.swift */,
				0A42DE462BED214F0048D36F /* BifrostUITestsLaunchTests.swift */,
			);
			path = BifrostUITests;
			sourceTree = "<group>";
		};
/* End PBXGroup section */

/* Begin PBXNativeTarget section */
		0A42DE222BED214C0048D36F /* Bifrost */ = {
			isa = PBXNativeTarget;
			buildConfigurationList = 0A42DE4A2BED214F0048D36F /* Build configuration list for PBXNativeTarget "Bifrost" */;
			buildPhases = (
				0A42DE1F2BED214C0048D36F /* Sources */,
				0A42DE202BED214C0048D36F /* Frameworks */,
				0A42DE212BED214C0048D36F /* Resources */,
			);
			buildRules = (
			);
			dependencies = (
			);
			name = Bifrost;
			productName = Bifrost;
			productReference = 0A42DE232BED214C0048D36F /* Bifrost.app */;
			productType = "com.apple.product-type.application";
		};
		0A42DE352BED214F0048D36F /* BifrostTests */ = {
			isa = PBXNativeTarget;
			buildConfigurationList = 0A42DE4D2BED214F0048D36F /* Build configuration list for PBXNativeTarget "BifrostTests" */;
			buildPhases = (
				0A42DE322BED214F0048D36F /* Sources */,
				0A42DE332BED214F0048D36F /* Frameworks */,
				0A42DE342BED214F0048D36F /* Resources */,
			);
			buildRules = (
			);
			dependencies = (
				0A42DE382BED214F0048D36F /* PBXTargetDependency */,
			);
			name = BifrostTests;
			productName = BifrostTests;
			productReference = 0A42DE362BED214F0048D36F /* BifrostTests.xctest */;
			productType = "com.apple.product-type.bundle.unit-test";
		};
		0A42DE3F2BED214F0048D36F /* BifrostUITests */ = {
			isa = PBXNativeTarget;
			buildConfigurationList = 0A42DE502BED214F0048D36F /* Build configuration list for PBXNativeTarget "BifrostUITests" */;
			buildPhases = (
				0A42DE3C2BED214F0048D36F /* Sources */,
				0A42DE3D2BED214F0048D36F /* Frameworks */,
				0A42DE3E2BED214F0048D36F /* Resources */,
			);
			buildRules = (
			);
			dependencies = (
				0A42DE422BED214F0048D36F /* PBXTargetDependency */,
			);
			name = BifrostUITests;
			productName = BifrostUITests;
			productReference = 0A42DE402BED214F0048D36F /* BifrostUITests.xctest */;
			productType = "com.apple.product-type.bundle.ui-testing";
		};
/* End PBXNativeTarget section */

/* Begin PBXProject section */
		0A42DE1B2BED214C0048D36F /* Project object */ = {
			isa = PBXProject;
			attributes = {
				BuildIndependentTargetsInParallel = 1;
				LastSwiftUpdateCheck = 1530;
				LastUpgradeCheck = 1530;
				TargetAttributes = {
					0A42DE222BED214C0048D36F = {
						CreatedOnToolsVersion = 15.3;
					};
					0A42DE352BED214F0048D36F = {
						CreatedOnToolsVersion = 15.3;
						TestTargetID = 0A42DE222BED214C0048D36F;
					};
					0A42DE3F2BED214F0048D36F = {
						CreatedOnToolsVersion = 15.3;
						TestTargetID = 0A42DE222BED214C0048D36F;
					};
				};
			};
			buildConfigurationList = 0A42DE1E2BED214C0048D36F /* Build configuration list for PBXProject "Bifrost" */;
			compatibilityVersion = "Xcode 14.0";
			developmentRegion = en;
			hasScannedForEncodings = 0;
			knownRegions = (
				en,
				Base,
			);
			mainGroup = 0A42DE1A2BED214C0048D36F;
			productRefGroup = 0A42DE242BED214C0048D36F /* Products */;
			projectDirPath = "";
			projectRoot = "";
			targets = (
				0A42DE222BED214C0048D36F /* Bifrost */,
				0A42DE352BED214F0048D36F /* BifrostTests */,
				0A42DE3F2BED214F0048D36F /* BifrostUITests */,
			);
		};
/* End PBXProject section */

/* Begin PBXResourcesBuildPhase section */
		0A42DE212BED214C0048D36F /* Resources */ = {
			isa = PBXResourcesBuildPhase;
			buildActionMask = 2147483647;
			files = (
				0A42DE302BED214E0048D36F /* Preview Assets.xcassets in Resources */,
				0A42DE2D2BED214E0048D36F /* Assets.xcassets in Resources */,
			);
			runOnlyForDeploymentPostprocessing = 0;
		};
		0A42DE342BED214F0048D36F /* Resources */ = {
			isa = PBXResourcesBuildPhase;
			buildActionMask = 2147483647;
			files = (
			);
			runOnlyForDeploymentPostprocessing = 0;
		};
		0A42DE3E2BED214F0048D36F /* Resources */ = {
			isa = PBXResourcesBuildPhase;
			buildActionMask = 2147483647;
			files = (
			);
			runOnlyForDeploymentPostprocessing = 0;
		};
/* End PBXResourcesBuildPhase section */

/* Begin PBXSourcesBuildPhase section */
		0A42DE1F2BED214C0048D36F /* Sources */ = {
			isa = PBXSourcesBuildPhase;
			buildActionMask = 2147483647;
			files = (
				0A42DE292BED214C0048D36F /* ContentView.swift in Sources */,
				0A42DE2B2BED214C0048D36F /* Item.swift in Sources */,
				0A42DE272BED214C0048D36F /* BifrostApp.swift in Sources */,
			);
			runOnlyForDeploymentPostprocessing = 0;
		};
		0A42DE322BED214F0048D36F /* Sources */ = {
			isa = PBXSourcesBuildPhase;
			buildActionMask = 2147483647;
			files = (
				0A42DE3B2BED214F0048D36F /* BifrostTests.swift in Sources */,
			);
			runOnlyForDeploymentPostprocessing = 0;
		};
		0A42DE3C2BED214F0048D36F /* Sources */ = {
			isa = PBXSourcesBuildPhase;
			buildActionMask = 2147483647;
			files = (
				0A42DE472BED214F0048D36F /* BifrostUITestsLaunchTests.swift in Sources */,
				0A42DE452BED214F0048D36F /* BifrostUITests.swift in Sources */,
			);
			runOnlyForDeploymentPostprocessing = 0;
		};
/* End PBXSourcesBuildPhase section */

/* Begin PBXTargetDependency section */
		0A42DE382BED214F0048D36F /* PBXTargetDependency */ = {
			isa = PBXTargetDependency;
			target = 0A42DE222BED214C0048D36F /* Bifrost */;
			targetProxy = 0A42DE372BED214F0048D36F /* PBXContainerItemProxy */;
		};
		0A42DE422BED214F0048D36F /* PBXTargetDependency */ = {
			isa = PBXTargetDependency;
			target = 0A42DE222BED214C0048D36F /* Bifrost */;
			targetProxy = 0A42DE412BED214F0048D36F /* PBXContainerItemProxy */;
		};
/* End PBXTargetDependency section */

/* Begin XCBuildConfiguration section */
		0A42DE482BED214F0048D36F /* Debug */ = {
			isa = XCBuildConfiguration;
			buildSettings = {
				ALWAYS_SEARCH_USER_PATHS = NO;
				ASSETCATALOG_COMPILER_GENERATE_SWIFT_ASSET_SYMBOL_EXTENSIONS = YES;
				CLANG_ANALYZER_NONNULL = YES;
				CLANG_ANALYZER_NUMBER_OBJECT_CONVERSION = YES_AGGRESSIVE;
				CLANG_CXX_LANGUAGE_STANDARD = "gnu++20";
				CLANG_ENABLE_MODULES = YES;
				CLANG_ENABLE_OBJC_ARC = YES;
				CLANG_ENABLE_OBJC_WEAK = YES;
				CLANG_WARN_BLOCK_CAPTURE_AUTORELEASING = YES;
				CLANG_WARN_BOOL_CONVERSION = YES;
				CLANG_WARN_COMMA = YES;
				CLANG_WARN_CONSTANT_CONVERSION = YES;
				CLANG_WARN_DEPRECATED_OBJC_IMPLEMENTATIONS = YES;
				CLANG_WARN_DIRECT_OBJC_ISA_USAGE = YES_ERROR;
				CLANG_WARN_DOCUMENTATION_COMMENTS = YES;
				CLANG_WARN_EMPTY_BODY = YES;
				CLANG_WARN_ENUM_CONVERSION = YES;
				CLANG_WARN_INFINITE_RECURSION = YES;
				CLANG_WARN_INT_CONVERSION = YES;
				CLANG_WARN_NON_LITERAL_NULL_CONVERSION = YES;
				CLANG_WARN_OBJC_IMPLICIT_RETAIN_SELF = YES;
				CLANG_WARN_OBJC_LITERAL_CONVERSION = YES;
				CLANG_WARN_OBJC_ROOT_CLASS = YES_ERROR;
				CLANG_WARN_QUOTED_INCLUDE_IN_FRAMEWORK_HEADER = YES;
				CLANG_WARN_RANGE_LOOP_ANALYSIS = YES;
				CLANG_WARN_STRICT_PROTOTYPES = YES;
				CLANG_WARN_SUSPICIOUS_MOVE = YES;
				CLANG_WARN_UNGUARDED_AVAILABILITY = YES_AGGRESSIVE;
				CLANG_WARN_UNREACHABLE_CODE = YES;
				CLANG_WARN__DUPLICATE_METHOD_MATCH = YES;
				COPY_PHASE_STRIP = NO;
				DEBUG_INFORMATION_FORMAT = dwarf;
				ENABLE_STRICT_OBJC_MSGSEND = YES;
				ENABLE_TESTABILITY = YES;
				ENABLE_USER_SCRIPT_SANDBOXING = YES;
				GCC_C_LANGUAGE_STANDARD = gnu17;
				GCC_DYNAMIC_NO_PIC = NO;
				GCC_NO_COMMON_BLOCKS = YES;
				GCC_OPTIMIZATION_LEVEL = 0;
				GCC_PREPROCESSOR_DEFINITIONS = (
					"DEBUG=1",
					"$(inherited)",
				);
				GCC_WARN_64_TO_32_BIT_CONVERSION = YES;
				GCC_WARN_ABOUT_RETURN_TYPE = YES_ERROR;
				GCC_WARN_UNDECLARED_SELECTOR = YES;
				GCC_WARN_UNINITIALIZED_AUTOS = YES_AGGRESSIVE;
				GCC_WARN_UNUSED_FUNCTION = YES;
				GCC_WARN_UNUSED_VARIABLE = YES;
				LOCALIZATION_PREFERS_STRING_CATALOGS = YES;
				MACOSX_DEPLOYMENT_TARGET = 14.2;
				MTL_ENABLE_DEBUG_INFO = INCLUDE_SOURCE;
				MTL_FAST_MATH = YES;
				ONLY_ACTIVE_ARCH = YES;
				SDKROOT = macosx;
				SWIFT_ACTIVE_COMPILATION_CONDITIONS = "DEBUG $(inherited)";
				SWIFT_OPTIMIZATION_LEVEL = "-Onone";
			};
			name = Debug;
		};
		0A42DE492BED214F0048D36F /* Release */ = {
			isa = XCBuildConfiguration;
			buildSettings = {
				ALWAYS_SEARCH_USER_PATHS = NO;
				ASSETCATALOG_COMPILER_GENERATE_SWIFT_ASSET_SYMBOL_EXTENSIONS = YES;
				CLANG_ANALYZER_NONNULL = YES;
				CLANG_ANALYZER_NUMBER_OBJECT_CONVERSION = YES_AGGRESSIVE;
				CLANG_CXX_LANGUAGE_STANDARD = "gnu++20";
				CLANG_ENABLE_MODULES = YES;
				CLANG_ENABLE_OBJC_ARC = YES;
				CLANG_ENABLE_OBJC_WEAK = YES;
				CLANG_WARN_BLOCK_CAPTURE_AUTORELEASING = YES;
				CLANG_WARN_BOOL_CONVERSION = YES;
				CLANG_WARN_COMMA = YES;
				CLANG_WARN_CONSTANT_CONVERSION = YES;
				CLANG_WARN_DEPRECATED_OBJC_IMPLEMENTATIONS = YES;
				CLANG_WARN_DIRECT_OBJC_ISA_USAGE = YES_ERROR;
				CLANG_WARN_DOCUMENTATION_COMMENTS = YES;
				CLANG_WARN_EMPTY_BODY = YES;
				CLANG_WARN_ENUM_CONVERSION = YES;
				CLANG_WARN_INFINITE_RECURSION = YES;
				CLANG_WARN_INT_CONVERSION = YES;
				CLANG_WARN_NON_LITERAL_NULL_CONVERSION = YES;
				CLANG_WARN_OBJC_IMPLICIT_RETAIN_SELF = YES;
				CLANG_WARN_OBJC_LITERAL_CONVERSION = YES;
				CLANG_WARN_OBJC_ROOT_CLASS = YES_ERROR;
				CLANG_WARN_QUOTED_INCLUDE_IN_FRAMEWORK_HEADER = YES;
				CLANG_WARN_RANGE_LOOP_ANALYSIS = YES;
				CLANG_WARN_STRICT_PROTOTYPES = YES;
				CLANG_WARN_SUSPICIOUS_MOVE = YES;
				CLANG_WARN_UNGUARDED_AVAILABILITY = YES_AGGRESSIVE;
				CLANG_WARN_UNREACHABLE_CODE = YES;
				CLANG_WARN__DUPLICATE_METHOD_MATCH = YES;
				COPY_PHASE_STRIP = NO;
				DEBUG_INFORMATION_FORMAT = "dwarf-with-dsym";
				ENABLE_NS_ASSERTIONS = NO;
				ENABLE_STRICT_OBJC_MSGSEND = YES;
				ENABLE_USER_SCRIPT_SANDBOXING = YES;
				GCC_C_LANGUAGE_STANDARD = gnu17;
				GCC_NO_COMMON_BLOCKS = YES;
				GCC_WARN_64_TO_32_BIT_CONVERSION = YES;
				GCC_WARN_ABOUT_RETURN_TYPE = YES_ERROR;
				GCC_WARN_UNDECLARED_SELECTOR = YES;
				GCC_WARN_UNINITIALIZED_AUTOS = YES_AGGRESSIVE;
				GCC_WARN_UNUSED_FUNCTION = YES;
				GCC_WARN_UNUSED_VARIABLE = YES;
				LOCALIZATION_PREFERS_STRING_CATALOGS = YES;
				MACOSX_DEPLOYMENT_TARGET = 14.2;
				MTL_ENABLE_DEBUG_INFO = NO;
				MTL_FAST_MATH = YES;
				SDKROOT = macosx;
				SWIFT_COMPILATION_MODE = wholemodule;
			};
			name = Release;
		};
		0A42DE4B2BED214F0048D36F /* Debug */ = {
			isa = XCBuildConfiguration;
			buildSettings = {
				ASSETCATALOG_COMPILER_APPICON_NAME = AppIcon;
				ASSETCATALOG_COMPILER_GLOBAL_ACCENT_COLOR_NAME = AccentColor;
				CODE_SIGN_ENTITLEMENTS = Bifrost/Bifrost.entitlements;
				CODE_SIGN_STYLE = Automatic;
				COMBINE_HIDPI_IMAGES = YES;
				CURRENT_PROJECT_VERSION = 1;
				DEVELOPMENT_ASSET_PATHS = "\"Bifrost/Preview Content\"";
				ENABLE_PREVIEWS = YES;
				GENERATE_INFOPLIST_FILE = YES;
				INFOPLIST_KEY_NSHumanReadableCopyright = "";
				LD_RUNPATH_SEARCH_PATHS = (
					"$(inherited)",
					"@executable_path/../Frameworks",
				);
				MACOSX_DEPLOYMENT_TARGET = 14.0;
				MARKETING_VERSION = 1.0;
				PRODUCT_BUNDLE_IDENTIFIER = com.lipeng.Bifrost;
				PRODUCT_NAME = "$(TARGET_NAME)";
				SWIFT_EMIT_LOC_STRINGS = YES;
				SWIFT_VERSION = 5.0;
			};
			name = Debug;
		};
		0A42DE4C2BED214F0048D36F /* Release */ = {
			isa = XCBuildConfiguration;
			buildSettings = {
				ASSETCATALOG_COMPILER_APPICON_NAME = AppIcon;
				ASSETCATALOG_COMPILER_GLOBAL_ACCENT_COLOR_NAME = AccentColor;
				CODE_SIGN_ENTITLEMENTS = Bifrost/Bifrost.entitlements;
				CODE_SIGN_STYLE = Automatic;
				COMBINE_HIDPI_IMAGES = YES;
				CURRENT_PROJECT_VERSION = 1;
				DEVELOPMENT_ASSET_PATHS = "\"Bifrost/Preview Content\"";
				ENABLE_PREVIEWS = YES;
				GENERATE_INFOPLIST_FILE = YES;
				INFOPLIST_KEY_NSHumanReadableCopyright = "";
				LD_RUNPATH_SEARCH_PATHS = (
					"$(inherited)",
					"@executable_path/../Frameworks",
				);
				MACOSX_DEPLOYMENT_TARGET = 14.0;
				MARKETING_VERSION = 1.0;
				PRODUCT_BUNDLE_IDENTIFIER = com.lipeng.Bifrost;
				PRODUCT_NAME = "$(TARGET_NAME)";
				SWIFT_EMIT_LOC_STRINGS = YES;
				SWIFT_VERSION = 5.0;
			};
			name = Release;
		};
		0A42DE4E2BED214F0048D36F /* Debug */ = {
			isa = XCBuildConfiguration;
			buildSettings = {
				ALWAYS_EMBED_SWIFT_STANDARD_LIBRARIES = YES;
				BUNDLE_LOADER = "$(TEST_HOST)";
				CODE_SIGN_STYLE = Automatic;
				CURRENT_PROJECT_VERSION = 1;
				GENERATE_INFOPLIST_FILE = YES;
				MACOSX_DEPLOYMENT_TARGET = 14.0;
				MARKETING_VERSION = 1.0;
				PRODUCT_BUNDLE_IDENTIFIER = com.lipeng.BifrostTests;
				PRODUCT_NAME = "$(TARGET_NAME)";
				SWIFT_EMIT_LOC_STRINGS = NO;
				SWIFT_VERSION = 5.0;
				TEST_HOST = "$(BUILT_PRODUCTS_DIR)/Bifrost.app/$(BUNDLE_EXECUTABLE_FOLDER_PATH)/Bifrost";
			};
			name = Debug;
		};
		0A42DE4F2BED214F0048D36F /* Release */ = {
			isa = XCBuildConfiguration;
			buildSettings = {
				ALWAYS_EMBED_SWIFT_STANDARD_LIBRARIES = YES;
				BUNDLE_LOADER = "$(TEST_HOST)";
				CODE_SIGN_STYLE = Automatic;
				CURRENT_PROJECT_VERSION = 1;
				GENERATE_INFOPLIST_FILE = YES;
				MACOSX_DEPLOYMENT_TARGET = 14.0;
				MARKETING_VERSION = 1.0;
				PRODUCT_BUNDLE_IDENTIFIER = com.lipeng.BifrostTests;
				PRODUCT_NAME = "$(TARGET_NAME)";
				SWIFT_EMIT_LOC_STRINGS = NO;
				SWIFT_VERSION = 5.0;
				TEST_HOST = "$(BUILT_PRODUCTS_DIR)/Bifrost.app/$(BUNDLE_EXECUTABLE_FOLDER_PATH)/Bifrost";
			};
			name = Release;
		};
		0A42DE512BED214F0048D36F /* Debug */ = {
			isa = XCBuildConfiguration;
			buildSettings = {
				ALWAYS_EMBED_SWIFT_STANDARD_LIBRARIES = YES;
				CODE_SIGN_STYLE = Automatic;
				CURRENT_PROJECT_VERSION = 1;
				GENERATE_INFOPLIST_FILE = YES;
				MARKETING_VERSION = 1.0;
				PRODUCT_BUNDLE_IDENTIFIER = com.lipeng.BifrostUITests;
				PRODUCT_NAME = "$(TARGET_NAME)";
				SWIFT_EMIT_LOC_STRINGS = NO;
				SWIFT_VERSION = 5.0;
				TEST_TARGET_NAME = Bifrost;
			};
			name = Debug;
		};
		0A42DE522BED214F0048D36F /* Release */ = {
			isa = XCBuildConfiguration;
			buildSettings = {
				ALWAYS_EMBED_SWIFT_STANDARD_LIBRARIES = YES;
				CODE_SIGN_STYLE = Automatic;
				CURRENT_PROJECT_VERSION = 1;
				GENERATE_INFOPLIST_FILE = YES;
				MARKETING_VERSION = 1.0;
				PRODUCT_BUNDLE_IDENTIFIER = com.lipeng.BifrostUITests;
				PRODUCT_NAME = "$(TARGET_NAME)";
				SWIFT_EMIT_LOC_STRINGS = NO;
				SWIFT_VERSION = 5.0;
				TEST_TARGET_NAME = Bifrost;
			};
			name = Release;
		};
/* End XCBuildConfiguration section */

/* Begin XCConfigurationList section */
		0A42DE1E2BED214C0048D36F /* Build configuration list for PBXProject "Bifrost" */ = {
			isa = XCConfigurationList;
			buildConfigurations = (
				0A42DE482BED214F0048D36F /* Debug */,
				0A42DE492BED214F0048D36F /* Release */,
			);
			defaultConfigurationIsVisible = 0;
			defaultConfigurationName = Release;
		};
		0A42DE4A2BED214F0048D36F /* Build configuration list for PBXNativeTarget "Bifrost" */ = {
			isa = XCConfigurationList;
			buildConfigurations = (
				0A42DE4B2BED214F0048D36F /* Debug */,
				0A42DE4C2BED214F0048D36F /* Release */,
			);
			defaultConfigurationIsVisible = 0;
			defaultConfigurationName = Release;
		};
		0A42DE4D2BED214F0048D36F /* Build configuration list for PBXNativeTarget "BifrostTests" */ = {
			isa = XCConfigurationList;
			buildConfigurations = (
				0A42DE4E2BED214F0048D36F /* Debug */,
				0A42DE4F2BED214F0048D36F /* Release */,
			);
			defaultConfigurationIsVisible = 0;
			defaultConfigurationName = Release;
		};
		0A42DE502BED214F0048D36F /* Build configuration list for PBXNativeTarget "BifrostUITests" */ = {
			isa = XCConfigurationList;
			buildConfigurations = (
				0A42DE512BED214F0048D36F /* Debug */,
				0A42DE522BED214F0048D36F /* Release */,
			);
			defaultConfigurationIsVisible = 0;
			defaultConfigurationName = Release;
		};
/* End XCConfigurationList section */
	};
	rootObject = 0A42DE1B2BED214C0048D36F /* Project object */;
}
